
Microsoft Visual Studio Solution File, Format Version 12.00
# Visual Studio Version 17
VisualStudioVersion = 17.2.32630.192
MinimumVisualStudioVersion = 10.0.40219.1
Project("{9A19103F-16F7-4668-BE54-9A1E7A4F7556}") = "01.DayOfWeek", "01.DayOfWeek\01.DayOfWeek.csproj", "{9604F3C4-96CE-493F-9A4B-E2115A3D5C08}"
EndProject
Project("{9A19103F-16F7-4668-BE54-9A1E7A4F7556}") = "02.WeekendOrWorkingDay", "02.WeekendOrWorkingDay\02.WeekendOrWorkingDay.csproj", "{73285C53-5436-4161-A903-86794A3997DB}"
EndProject
Project("{9A19103F-16F7-4668-BE54-9A1E7A4F7556}") = "03.AnimalType", "03.AnimalType\03.AnimalType.csproj", "{CCB3C83D-712B-4E93-8FB9-70E0A2FCFE2C}"
EndProject
Project("{9A19103F-16F7-4668-BE54-9A1E7A4F7556}") = "04.PersonalTitles", "04.PersonalTitles\04.PersonalTitles.csproj", "{CBBEBBE0-CE44-400E-92DB-158F84F42459}"
EndProject
Project("{FAE04EC0-301F-11D3-BF4B-00C04F79EFBC}") = "05.SmallShop", "05.SmallShop\05.SmallShop.csproj", "{C4D5CE6A-ED84-4AA5-B64E-4CB7AB6F80F0}"
EndProject
Project("{FAE04EC0-301F-11D3-BF4B-00C04F79EFBC}") = "06.NumberInRange", "06.NumberInRange\06.NumberInRange.csproj", "{B04938D9-A7C2-499F-ACF9-9CDCFC1DCCCD}"
EndProject
Project("{FAE04EC0-301F-11D3-BF4B-00C04F79EFBC}") = "07.WorkingHours", "07.WorkingHours\07.WorkingHours.csproj", "{BFD18CDF-F5AE-4F86-AF25-4CC16CEE0838}"
EndProject
Project("{FAE04EC0-301F-11D3-BF4B-00C04F79EFBC}") = "08.CinemaTicket", "08.CinemaTicket\08.CinemaTicket.csproj", "{00B81EB5-CD7D-45C8-B617-91BE3450CE4D}"
EndProject
Project("{FAE04EC0-301F-11D3-BF4B-00C04F79EFBC}") = "09.FruitOrVegetable", "09.FruitOrVegetable\09.FruitOrVegetable.csproj", "{4BC358EE-ECE3-438A-B8A5-10F39FDE7522}"
EndProject
Project("{FAE04EC0-301F-11D3-BF4B-00C04F79EFBC}") = "10.InvalidNumber", "10.InvalidNumber\10.InvalidNumber.csproj", "{C897037F-7A08-4ED8-9FFF-2C2F636169B6}"
EndProject
Project("{FAE04EC0-301F-11D3-BF4B-00C04F79EFBC}") = "11.FruitShop", "11.FruitShop\11.FruitShop.csproj", "{B9576C67-CC97-47AB-A4FE-A1E6D6E88DAB}"
EndProject
Project("{FAE04EC0-301F-11D3-BF4B-00C04F79EFBC}") = "12.TradeCommissions", "12.TradeCommissions\12.TradeCommissions.csproj", "{0D33194F-E931-4204-A5AC-9053B3D52023}"
EndProject
Global
	GlobalSection(SolutionConfigurationPlatforms) = preSolution
		Debug|Any CPU = Debug|Any CPU
		Release|Any CPU = Release|Any CPU
	EndGlobalSection
	GlobalSection(ProjectConfigurationPlatforms) = postSolution
		{9604F3C4-96CE-493F-9A4B-E2115A3D5C08}.Debug|Any CPU.ActiveCfg = Debug|Any CPU
		{9604F3C4-96CE-493F-9A4B-E2115A3D5C08}.Debug|Any CPU.Build.0 = Debug|Any CPU
		{9604F3C4-96CE-493F-9A4B-E2115A3D5C08}.Release|Any CPU.ActiveCfg = Release|Any CPU
		{9604F3C4-96CE-493F-9A4B-E2115A3D5C08}.Release|Any CPU.Build.0 = Release|Any CPU
		{73285C53-5436-4161-A903-86794A3997DB}.Debug|Any CPU.ActiveCfg = Debug|Any CPU
		{73285C53-5436-4161-A903-86794A3997DB}.Debug|Any CPU.Build.0 = Debug|Any CPU
		{73285C53-5436-4161-A903-86794A3997DB}.Release|Any CPU.ActiveCfg = Release|Any CPU
		{73285C53-5436-4161-A903-86794A3997DB}.Release|Any CPU.Build.0 = Release|Any CPU
		{CCB3C83D-712B-4E93-8FB9-70E0A2FCFE2C}.Debug|Any CPU.ActiveCfg = Debug|Any CPU
		{CCB3C83D-712B-4E93-8FB9-70E0A2FCFE2C}.Debug|Any CPU.Build.0 = Debug|Any CPU
		{CCB3C83D-712B-4E93-8FB9-70E0A2FCFE2C}.Release|Any CPU.ActiveCfg = Release|Any CPU
		{CCB3C83D-712B-4E93-8FB9-70E0A2FCFE2C}.Release|Any CPU.Build.0 = Release|Any CPU
		{CBBEBBE0-CE44-400E-92DB-158F84F42459}.Debug|Any CPU.ActiveCfg = Debug|Any CPU
		{CBBEBBE0-CE44-400E-92DB-158F84F42459}.Debug|Any CPU.Build.0 = Debug|Any CPU
		{CBBEBBE0-CE44-400E-92DB-158F84F42459}.Release|Any CPU.ActiveCfg = Release|Any CPU
		{CBBEBBE0-CE44-400E-92DB-158F84F42459}.Release|Any CPU.Build.0 = Release|Any CPU
		{C4D5CE6A-ED84-4AA5-B64E-4CB7AB6F80F0}.Debug|Any CPU.ActiveCfg = Debug|Any CPU
		{C4D5CE6A-ED84-4AA5-B64E-4CB7AB6F80F0}.Debug|Any CPU.Build.0 = Debug|Any CPU
		{C4D5CE6A-ED84-4AA5-B64E-4CB7AB6F80F0}.Release|Any CPU.ActiveCfg = Release|Any CPU
		{C4D5CE6A-ED84-4AA5-B64E-4CB7AB6F80F0}.Release|Any CPU.Build.0 = Release|Any CPU
		{B04938D9-A7C2-499F-ACF9-9CDCFC1DCCCD}.Debug|Any CPU.ActiveCfg = Debug|Any CPU
		{B04938D9-A7C2-499F-ACF9-9CDCFC1DCCCD}.Debug|Any CPU.Build.0 = Debug|Any CPU
		{B04938D9-A7C2-499F-ACF9-9CDCFC1DCCCD}.Release|Any CPU.ActiveCfg = Release|Any CPU
		{B04938D9-A7C2-499F-ACF9-9CDCFC1DCCCD}.Release|Any CPU.Build.0 = Release|Any CPU
		{BFD18CDF-F5AE-4F86-AF25-4CC16CEE0838}.Debug|Any CPU.ActiveCfg = Debug|Any CPU
		{BFD18CDF-F5AE-4F86-AF25-4CC16CEE0838}.Debug|Any CPU.Build.0 = Debug|Any CPU
		{BFD18CDF-F5AE-4F86-AF25-4CC16CEE0838}.Release|Any CPU.ActiveCfg = Release|Any CPU
		{BFD18CDF-F5AE-4F86-AF25-4CC16CEE0838}.Release|Any CPU.Build.0 = Release|Any CPU
		{00B81EB5-CD7D-45C8-B617-91BE3450CE4D}.Debug|Any CPU.ActiveCfg = Debug|Any CPU
		{00B81EB5-CD7D-45C8-B617-91BE3450CE4D}.Debug|Any CPU.Build.0 = Debug|Any CPU
		{00B81EB5-CD7D-45C8-B617-91BE3450CE4D}.Release|Any CPU.ActiveCfg = Release|Any CPU
		{00B81EB5-CD7D-45C8-B617-91BE3450CE4D}.Release|Any CPU.Build.0 = Release|Any CPU
		{4BC358EE-ECE3-438A-B8A5-10F39FDE7522}.Debug|Any CPU.ActiveCfg = Debug|Any CPU
		{4BC358EE-ECE3-438A-B8A5-10F39FDE7522}.Debug|Any CPU.Build.0 = Debug|Any CPU
		{4BC358EE-ECE3-438A-B8A5-10F39FDE7522}.Release|Any CPU.ActiveCfg = Release|Any CPU
		{4BC358EE-ECE3-438A-B8A5-10F39FDE7522}.Release|Any CPU.Build.0 = Release|Any CPU
		{C897037F-7A08-4ED8-9FFF-2C2F636169B6}.Debug|Any CPU.ActiveCfg = Debug|Any CPU
		{C897037F-7A08-4ED8-9FFF-2C2F636169B6}.Debug|Any CPU.Build.0 = Debug|Any CPU
		{C897037F-7A08-4ED8-9FFF-2C2F636169B6}.Release|Any CPU.ActiveCfg = Release|Any CPU
		{C897037F-7A08-4ED8-9FFF-2C2F636169B6}.Release|Any CPU.Build.0 = Release|Any CPU
		{B9576C67-CC97-47AB-A4FE-A1E6D6E88DAB}.Debug|Any CPU.ActiveCfg = Debug|Any CPU
		{B9576C67-CC97-47AB-A4FE-A1E6D6E88DAB}.Debug|Any CPU.Build.0 = Debug|Any CPU
		{B9576C67-CC97-47AB-A4FE-A1E6D6E88DAB}.Release|Any CPU.ActiveCfg = Release|Any CPU
		{B9576C67-CC97-47AB-A4FE-A1E6D6E88DAB}.Release|Any CPU.Build.0 = Release|Any CPU
		{0D33194F-E931-4204-A5AC-9053B3D52023}.Debug|Any CPU.ActiveCfg = Debug|Any CPU
		{0D33194F-E931-4204-A5AC-9053B3D52023}.Debug|Any CPU.Build.0 = Debug|Any CPU
		{0D33194F-E931-4204-A5AC-9053B3D52023}.Release|Any CPU.ActiveCfg = Release|Any CPU
		{0D33194F-E931-4204-A5AC-9053B3D52023}.Release|Any CPU.Build.0 = Release|Any CPU
	EndGlobalSection
	GlobalSection(SolutionProperties) = preSolution
		HideSolutionNode = FALSE
	EndGlobalSection
	GlobalSection(ExtensibilityGlobals) = postSolution
		SolutionGuid = {A2DA9C52-E62D-4CA0-B2AB-507C5475F8AF}
	EndGlobalSection
EndGlobal
