
Microsoft Visual Studio Solution File, Format Version 12.00
# Visual Studio Version 17
VisualStudioVersion = 17.2.32616.157
MinimumVisualStudioVersion = 10.0.40219.1
Project("{FAE04EC0-301F-11D3-BF4B-00C04F79EFBC}") = "01.ExcellentResult", "01.ExcellentResult\01.ExcellentResult.csproj", "{A44B3603-EE4D-422A-ACE6-477908C1FFC1}"
EndProject
Project("{FAE04EC0-301F-11D3-BF4B-00C04F79EFBC}") = "02.GreaterNumber", "02.GreaterNumber\02.GreaterNumber.csproj", "{D682E42E-4E68-4ABB-A084-EAB9F8E07313}"
EndProject
Project("{FAE04EC0-301F-11D3-BF4B-00C04F79EFBC}") = "03.EvenorOdd", "03.EvenorOdd\03.EvenorOdd.csproj", "{75197F63-3E48-48DE-B494-4021216D5CAA}"
EndProject
Project("{FAE04EC0-301F-11D3-BF4B-00C04F79EFBC}") = "04PasswordGuess", "04PasswordGuess\04PasswordGuess.csproj", "{69CB0A92-1509-4C42-A277-7C408B96F4B0}"
EndProject
Project("{FAE04EC0-301F-11D3-BF4B-00C04F79EFBC}") = "05.Number100-200", "05.Number100-200\05.Number100-200.csproj", "{64F36950-CAF1-4033-B5C5-E8504B04E23C}"
EndProject
Project("{FAE04EC0-301F-11D3-BF4B-00C04F79EFBC}") = "06.SpeedInfo", "06.SpeedInfo\06.SpeedInfo.csproj", "{64E2E20A-696C-46C4-A2F3-4DC86D01868F}"
EndProject
Project("{FAE04EC0-301F-11D3-BF4B-00C04F79EFBC}") = "07.AreaOfFigures", "07.AreaOfFigures\07.AreaOfFigures.csproj", "{BC012DD7-52A7-4379-927B-9DD9A019FC46}"
EndProject
Global
	GlobalSection(SolutionConfigurationPlatforms) = preSolution
		Debug|Any CPU = Debug|Any CPU
		Release|Any CPU = Release|Any CPU
	EndGlobalSection
	GlobalSection(ProjectConfigurationPlatforms) = postSolution
		{A44B3603-EE4D-422A-ACE6-477908C1FFC1}.Debug|Any CPU.ActiveCfg = Debug|Any CPU
		{A44B3603-EE4D-422A-ACE6-477908C1FFC1}.Debug|Any CPU.Build.0 = Debug|Any CPU
		{A44B3603-EE4D-422A-ACE6-477908C1FFC1}.Release|Any CPU.ActiveCfg = Release|Any CPU
		{A44B3603-EE4D-422A-ACE6-477908C1FFC1}.Release|Any CPU.Build.0 = Release|Any CPU
		{D682E42E-4E68-4ABB-A084-EAB9F8E07313}.Debug|Any CPU.ActiveCfg = Debug|Any CPU
		{D682E42E-4E68-4ABB-A084-EAB9F8E07313}.Debug|Any CPU.Build.0 = Debug|Any CPU
		{D682E42E-4E68-4ABB-A084-EAB9F8E07313}.Release|Any CPU.ActiveCfg = Release|Any CPU
		{D682E42E-4E68-4ABB-A084-EAB9F8E07313}.Release|Any CPU.Build.0 = Release|Any CPU
		{75197F63-3E48-48DE-B494-4021216D5CAA}.Debug|Any CPU.ActiveCfg = Debug|Any CPU
		{75197F63-3E48-48DE-B494-4021216D5CAA}.Debug|Any CPU.Build.0 = Debug|Any CPU
		{75197F63-3E48-48DE-B494-4021216D5CAA}.Release|Any CPU.ActiveCfg = Release|Any CPU
		{75197F63-3E48-48DE-B494-4021216D5CAA}.Release|Any CPU.Build.0 = Release|Any CPU
		{69CB0A92-1509-4C42-A277-7C408B96F4B0}.Debug|Any CPU.ActiveCfg = Debug|Any CPU
		{69CB0A92-1509-4C42-A277-7C408B96F4B0}.Debug|Any CPU.Build.0 = Debug|Any CPU
		{69CB0A92-1509-4C42-A277-7C408B96F4B0}.Release|Any CPU.ActiveCfg = Release|Any CPU
		{69CB0A92-1509-4C42-A277-7C408B96F4B0}.Release|Any CPU.Build.0 = Release|Any CPU
		{64F36950-CAF1-4033-B5C5-E8504B04E23C}.Debug|Any CPU.ActiveCfg = Debug|Any CPU
		{64F36950-CAF1-4033-B5C5-E8504B04E23C}.Debug|Any CPU.Build.0 = Debug|Any CPU
		{64F36950-CAF1-4033-B5C5-E8504B04E23C}.Release|Any CPU.ActiveCfg = Release|Any CPU
		{64F36950-CAF1-4033-B5C5-E8504B04E23C}.Release|Any CPU.Build.0 = Release|Any CPU
		{64E2E20A-696C-46C4-A2F3-4DC86D01868F}.Debug|Any CPU.ActiveCfg = Debug|Any CPU
		{64E2E20A-696C-46C4-A2F3-4DC86D01868F}.Debug|Any CPU.Build.0 = Debug|Any CPU
		{64E2E20A-696C-46C4-A2F3-4DC86D01868F}.Release|Any CPU.ActiveCfg = Release|Any CPU
		{64E2E20A-696C-46C4-A2F3-4DC86D01868F}.Release|Any CPU.Build.0 = Release|Any CPU
		{BC012DD7-52A7-4379-927B-9DD9A019FC46}.Debug|Any CPU.ActiveCfg = Debug|Any CPU
		{BC012DD7-52A7-4379-927B-9DD9A019FC46}.Debug|Any CPU.Build.0 = Debug|Any CPU
		{BC012DD7-52A7-4379-927B-9DD9A019FC46}.Release|Any CPU.ActiveCfg = Release|Any CPU
		{BC012DD7-52A7-4379-927B-9DD9A019FC46}.Release|Any CPU.Build.0 = Release|Any CPU
	EndGlobalSection
	GlobalSection(SolutionProperties) = preSolution
		HideSolutionNode = FALSE
	EndGlobalSection
	GlobalSection(ExtensibilityGlobals) = postSolution
		SolutionGuid = {29F61EA0-4B9E-4B0B-8D75-6624D49CF886}
	EndGlobalSection
EndGlobal
