
Microsoft Visual Studio Solution File, Format Version 12.00
# Visual Studio Version 17
VisualStudioVersion = 17.2.32630.192
MinimumVisualStudioVersion = 10.0.40219.1
Project("{9A19103F-16F7-4668-BE54-9A1E7A4F7556}") = "01.NumbersFrom1To100", "01.NumbersFrom1To100\01.NumbersFrom1To100.csproj", "{7B71C562-CC27-4339-9345-6DA35103FD60}"
EndProject
Project("{FAE04EC0-301F-11D3-BF4B-00C04F79EFBC}") = "02.NumbersN1", "02.NumbersN1\02.NumbersN1.csproj", "{0F0061B8-B6AE-4959-A08F-9D32850EFC48}"
EndProject
Project("{FAE04EC0-301F-11D3-BF4B-00C04F79EFBC}") = "03.Numbers1-NWithStep3", "03.Numbers1-NWithStep3\03.Numbers1-NWithStep3.csproj", "{196462A1-2D75-4705-B155-2CF058810D2F}"
EndProject
Project("{FAE04EC0-301F-11D3-BF4B-00C04F79EFBC}") = "04.EvenPowersOf2", "04.EvenPowersOf2\04.EvenPowersOf2.csproj", "{ABC89ED1-48F6-4FC4-A2F8-D2F6A9361CD4}"
EndProject
Global
	GlobalSection(SolutionConfigurationPlatforms) = preSolution
		Debug|Any CPU = Debug|Any CPU
		Release|Any CPU = Release|Any CPU
	EndGlobalSection
	GlobalSection(ProjectConfigurationPlatforms) = postSolution
		{7B71C562-CC27-4339-9345-6DA35103FD60}.Debug|Any CPU.ActiveCfg = Debug|Any CPU
		{7B71C562-CC27-4339-9345-6DA35103FD60}.Debug|Any CPU.Build.0 = Debug|Any CPU
		{7B71C562-CC27-4339-9345-6DA35103FD60}.Release|Any CPU.ActiveCfg = Release|Any CPU
		{7B71C562-CC27-4339-9345-6DA35103FD60}.Release|Any CPU.Build.0 = Release|Any CPU
		{0F0061B8-B6AE-4959-A08F-9D32850EFC48}.Debug|Any CPU.ActiveCfg = Debug|Any CPU
		{0F0061B8-B6AE-4959-A08F-9D32850EFC48}.Debug|Any CPU.Build.0 = Debug|Any CPU
		{0F0061B8-B6AE-4959-A08F-9D32850EFC48}.Release|Any CPU.ActiveCfg = Release|Any CPU
		{0F0061B8-B6AE-4959-A08F-9D32850EFC48}.Release|Any CPU.Build.0 = Release|Any CPU
		{196462A1-2D75-4705-B155-2CF058810D2F}.Debug|Any CPU.ActiveCfg = Debug|Any CPU
		{196462A1-2D75-4705-B155-2CF058810D2F}.Debug|Any CPU.Build.0 = Debug|Any CPU
		{196462A1-2D75-4705-B155-2CF058810D2F}.Release|Any CPU.ActiveCfg = Release|Any CPU
		{196462A1-2D75-4705-B155-2CF058810D2F}.Release|Any CPU.Build.0 = Release|Any CPU
		{ABC89ED1-48F6-4FC4-A2F8-D2F6A9361CD4}.Debug|Any CPU.ActiveCfg = Debug|Any CPU
		{ABC89ED1-48F6-4FC4-A2F8-D2F6A9361CD4}.Debug|Any CPU.Build.0 = Debug|Any CPU
		{ABC89ED1-48F6-4FC4-A2F8-D2F6A9361CD4}.Release|Any CPU.ActiveCfg = Release|Any CPU
		{ABC89ED1-48F6-4FC4-A2F8-D2F6A9361CD4}.Release|Any CPU.Build.0 = Release|Any CPU
	EndGlobalSection
	GlobalSection(SolutionProperties) = preSolution
		HideSolutionNode = FALSE
	EndGlobalSection
	GlobalSection(ExtensibilityGlobals) = postSolution
		SolutionGuid = {D4F316F4-2D56-4C75-9DFA-0B022EDD20D2}
	EndGlobalSection
EndGlobal
