
Microsoft Visual Studio Solution File, Format Version 12.00
# Visual Studio Version 17
VisualStudioVersion = 17.4.33103.184
MinimumVisualStudioVersion = 10.0.40219.1
Project("{FAE04EC0-301F-11D3-BF4B-00C04F79EFBC}") = "01.ReverseStrings", "01.ReverseStrings\01.ReverseStrings.csproj", "{FCE44462-7F2E-4B65-9863-A56FB3E04EC4}"
EndProject
Project("{FAE04EC0-301F-11D3-BF4B-00C04F79EFBC}") = "02.RepeatStrings", "02.RepeatStrings\02.RepeatStrings.csproj", "{658AE953-56FA-4934-BDC2-7C8078FB1717}"
EndProject
Project("{FAE04EC0-301F-11D3-BF4B-00C04F79EFBC}") = "03.Substring", "03.Substring\03.Substring.csproj", "{C831663F-08BB-4051-85CF-F5181FFA9B6B}"
EndProject
Project("{FAE04EC0-301F-11D3-BF4B-00C04F79EFBC}") = "04.TextFilter", "04.TextFilter\04.TextFilter.csproj", "{5901E5E0-70A7-4E95-A30E-A2178DF68F6D}"
EndProject
Project("{FAE04EC0-301F-11D3-BF4B-00C04F79EFBC}") = "05.Digits,LettersAndOther", "05.Digits,LettersAndOther\05.Digits,LettersAndOther.csproj", "{B6679988-BF2E-41BE-821A-28FDEDA9E9DC}"
EndProject
Global
	GlobalSection(SolutionConfigurationPlatforms) = preSolution
		Debug|Any CPU = Debug|Any CPU
		Release|Any CPU = Release|Any CPU
	EndGlobalSection
	GlobalSection(ProjectConfigurationPlatforms) = postSolution
		{FCE44462-7F2E-4B65-9863-A56FB3E04EC4}.Debug|Any CPU.ActiveCfg = Debug|Any CPU
		{FCE44462-7F2E-4B65-9863-A56FB3E04EC4}.Debug|Any CPU.Build.0 = Debug|Any CPU
		{FCE44462-7F2E-4B65-9863-A56FB3E04EC4}.Release|Any CPU.ActiveCfg = Release|Any CPU
		{FCE44462-7F2E-4B65-9863-A56FB3E04EC4}.Release|Any CPU.Build.0 = Release|Any CPU
		{658AE953-56FA-4934-BDC2-7C8078FB1717}.Debug|Any CPU.ActiveCfg = Debug|Any CPU
		{658AE953-56FA-4934-BDC2-7C8078FB1717}.Debug|Any CPU.Build.0 = Debug|Any CPU
		{658AE953-56FA-4934-BDC2-7C8078FB1717}.Release|Any CPU.ActiveCfg = Release|Any CPU
		{658AE953-56FA-4934-BDC2-7C8078FB1717}.Release|Any CPU.Build.0 = Release|Any CPU
		{C831663F-08BB-4051-85CF-F5181FFA9B6B}.Debug|Any CPU.ActiveCfg = Debug|Any CPU
		{C831663F-08BB-4051-85CF-F5181FFA9B6B}.Debug|Any CPU.Build.0 = Debug|Any CPU
		{C831663F-08BB-4051-85CF-F5181FFA9B6B}.Release|Any CPU.ActiveCfg = Release|Any CPU
		{C831663F-08BB-4051-85CF-F5181FFA9B6B}.Release|Any CPU.Build.0 = Release|Any CPU
		{5901E5E0-70A7-4E95-A30E-A2178DF68F6D}.Debug|Any CPU.ActiveCfg = Debug|Any CPU
		{5901E5E0-70A7-4E95-A30E-A2178DF68F6D}.Debug|Any CPU.Build.0 = Debug|Any CPU
		{5901E5E0-70A7-4E95-A30E-A2178DF68F6D}.Release|Any CPU.ActiveCfg = Release|Any CPU
		{5901E5E0-70A7-4E95-A30E-A2178DF68F6D}.Release|Any CPU.Build.0 = Release|Any CPU
		{B6679988-BF2E-41BE-821A-28FDEDA9E9DC}.Debug|Any CPU.ActiveCfg = Debug|Any CPU
		{B6679988-BF2E-41BE-821A-28FDEDA9E9DC}.Debug|Any CPU.Build.0 = Debug|Any CPU
		{B6679988-BF2E-41BE-821A-28FDEDA9E9DC}.Release|Any CPU.ActiveCfg = Release|Any CPU
		{B6679988-BF2E-41BE-821A-28FDEDA9E9DC}.Release|Any CPU.Build.0 = Release|Any CPU
	EndGlobalSection
	GlobalSection(SolutionProperties) = preSolution
		HideSolutionNode = FALSE
	EndGlobalSection
	GlobalSection(ExtensibilityGlobals) = postSolution
		SolutionGuid = {E978BB41-3FBC-41E8-AE57-4001C9505974}
	EndGlobalSection
EndGlobal
