
Microsoft Visual Studio Solution File, Format Version 12.00
# Visual Studio Version 17
VisualStudioVersion = 17.4.33213.308
MinimumVisualStudioVersion = 10.0.40219.1
Project("{FAE04EC0-301F-11D3-BF4B-00C04F79EFBC}") = "01.SortEvenNumbers", "01.SortEvenNumbers\01.SortEvenNumbers.csproj", "{6A0EA23F-ACD0-4F0F-B89B-E25FDB0325E6}"
EndProject
Project("{FAE04EC0-301F-11D3-BF4B-00C04F79EFBC}") = "02.SumNumbers", "02.SumNumbers\02.SumNumbers.csproj", "{874F9020-1334-4B0E-82D9-11F6D149E6F7}"
EndProject
Project("{FAE04EC0-301F-11D3-BF4B-00C04F79EFBC}") = "03.CountUppercaseWords", "03.CountUppercaseWords\03.CountUppercaseWords.csproj", "{5B3DA80B-1D34-46BE-8C67-B44EC97F180F}"
EndProject
Project("{FAE04EC0-301F-11D3-BF4B-00C04F79EFBC}") = "04.AddVAT", "04.AddVAT\04.AddVAT.csproj", "{5B5FC24B-C8AE-4BA6-82FA-D2C485FEC3E5}"
EndProject
Project("{FAE04EC0-301F-11D3-BF4B-00C04F79EFBC}") = "05.FilterByAge", "05.FilterByAge\05.FilterByAge.csproj", "{047329AB-8D83-403A-8FC8-A58DAE18026F}"
EndProject
Global
	GlobalSection(SolutionConfigurationPlatforms) = preSolution
		Debug|Any CPU = Debug|Any CPU
		Release|Any CPU = Release|Any CPU
	EndGlobalSection
	GlobalSection(ProjectConfigurationPlatforms) = postSolution
		{6A0EA23F-ACD0-4F0F-B89B-E25FDB0325E6}.Debug|Any CPU.ActiveCfg = Debug|Any CPU
		{6A0EA23F-ACD0-4F0F-B89B-E25FDB0325E6}.Debug|Any CPU.Build.0 = Debug|Any CPU
		{6A0EA23F-ACD0-4F0F-B89B-E25FDB0325E6}.Release|Any CPU.ActiveCfg = Release|Any CPU
		{6A0EA23F-ACD0-4F0F-B89B-E25FDB0325E6}.Release|Any CPU.Build.0 = Release|Any CPU
		{874F9020-1334-4B0E-82D9-11F6D149E6F7}.Debug|Any CPU.ActiveCfg = Debug|Any CPU
		{874F9020-1334-4B0E-82D9-11F6D149E6F7}.Debug|Any CPU.Build.0 = Debug|Any CPU
		{874F9020-1334-4B0E-82D9-11F6D149E6F7}.Release|Any CPU.ActiveCfg = Release|Any CPU
		{874F9020-1334-4B0E-82D9-11F6D149E6F7}.Release|Any CPU.Build.0 = Release|Any CPU
		{5B3DA80B-1D34-46BE-8C67-B44EC97F180F}.Debug|Any CPU.ActiveCfg = Debug|Any CPU
		{5B3DA80B-1D34-46BE-8C67-B44EC97F180F}.Debug|Any CPU.Build.0 = Debug|Any CPU
		{5B3DA80B-1D34-46BE-8C67-B44EC97F180F}.Release|Any CPU.ActiveCfg = Release|Any CPU
		{5B3DA80B-1D34-46BE-8C67-B44EC97F180F}.Release|Any CPU.Build.0 = Release|Any CPU
		{5B5FC24B-C8AE-4BA6-82FA-D2C485FEC3E5}.Debug|Any CPU.ActiveCfg = Debug|Any CPU
		{5B5FC24B-C8AE-4BA6-82FA-D2C485FEC3E5}.Debug|Any CPU.Build.0 = Debug|Any CPU
		{5B5FC24B-C8AE-4BA6-82FA-D2C485FEC3E5}.Release|Any CPU.ActiveCfg = Release|Any CPU
		{5B5FC24B-C8AE-4BA6-82FA-D2C485FEC3E5}.Release|Any CPU.Build.0 = Release|Any CPU
		{047329AB-8D83-403A-8FC8-A58DAE18026F}.Debug|Any CPU.ActiveCfg = Debug|Any CPU
		{047329AB-8D83-403A-8FC8-A58DAE18026F}.Debug|Any CPU.Build.0 = Debug|Any CPU
		{047329AB-8D83-403A-8FC8-A58DAE18026F}.Release|Any CPU.ActiveCfg = Release|Any CPU
		{047329AB-8D83-403A-8FC8-A58DAE18026F}.Release|Any CPU.Build.0 = Release|Any CPU
	EndGlobalSection
	GlobalSection(SolutionProperties) = preSolution
		HideSolutionNode = FALSE
	EndGlobalSection
	GlobalSection(ExtensibilityGlobals) = postSolution
		SolutionGuid = {C80BC9E8-25ED-4EAA-B16A-50F8305EA5B5}
	EndGlobalSection
EndGlobal
